
Microsoft Visual Studio Solution File, Format Version 12.00
# Visual Studio Version 17
VisualStudioVersion = 17.5.002.0
MinimumVisualStudioVersion = 10.0.40219.1
Project("{9A19103F-16F7-4668-BE54-9A1E7A4F7556}") = "xunit-spec-style", "xunit-spec-style.csproj", "{071ED96E-25AE-4983-B16A-B581EA23FF4F}"
EndProject
Global
	GlobalSection(SolutionConfigurationPlatforms) = preSolution
		Debug|Any CPU = Debug|Any CPU
		Release|Any CPU = Release|Any CPU
	EndGlobalSection
	GlobalSection(ProjectConfigurationPlatforms) = postSolution
		{071ED96E-25AE-4983-B16A-B581EA23FF4F}.Debug|Any CPU.ActiveCfg = Debug|Any CPU
		{071ED96E-25AE-4983-B16A-B581EA23FF4F}.Debug|Any CPU.Build.0 = Debug|Any CPU
		{071ED96E-25AE-4983-B16A-B581EA23FF4F}.Release|Any CPU.ActiveCfg = Release|Any CPU
		{071ED96E-25AE-4983-B16A-B581EA23FF4F}.Release|Any CPU.Build.0 = Release|Any CPU
	EndGlobalSection
	GlobalSection(SolutionProperties) = preSolution
		HideSolutionNode = FALSE
	EndGlobalSection
	GlobalSection(ExtensibilityGlobals) = postSolution
		SolutionGuid = {44EF6254-9187-469D-A6FD-349885BEB0CB}
	EndGlobalSection
EndGlobal
